
Microsoft Visual Studio Solution File, Format Version 12.00
# Visual Studio 15
VisualStudioVersion = 15.0.28307.757
MinimumVisualStudioVersion = 10.0.40219.1
Project("{FAE04EC0-301F-11D3-BF4B-00C04F79EFBC}") = "PatientVitalsType", "PatientVitalsType\PatientVitalsType.csproj", "{0B3C6D5E-9E1B-4313-9B28-4CA79E72453F}"
EndProject
Project("{FAE04EC0-301F-11D3-BF4B-00C04F79EFBC}") = "IEnableVitalsContractsLib", "IEnableVitalsContractsLib\IEnableVitalsContractsLib.csproj", "{C2D9A3A9-820F-4484-B2CE-FA3C6026E4F7}"
EndProject
Project("{FAE04EC0-301F-11D3-BF4B-00C04F79EFBC}") = "EnablePatientVitalsLib", "EnablePatientVitalsLib\EnablePatientVitalsLib.csproj", "{81DFFC92-130D-49D7-927B-FD1BE2B3458E}"
EndProject
Project("{FAE04EC0-301F-11D3-BF4B-00C04F79EFBC}") = "GlobalShareLib", "GlobalShareLib\GlobalShareLib.csproj", "{E1DB81A4-C883-4854-A48F-2DCE4F643D1C}"
EndProject
Project("{9A19103F-16F7-4668-BE54-9A1E7A4F7556}") = "PatientMonitoringService", "PatientMonitoringService\PatientMonitoringService.csproj", "{E9A8E700-7711-4C7F-9571-B9B7C834F16B}"
EndProject
Project("{FAE04EC0-301F-11D3-BF4B-00C04F79EFBC}") = "PatientVitalsStorageContractsLib", "PatientVitalsStorageContractsLib\PatientVitalsStorageContractsLib.csproj", "{1AD2FE57-34A6-408B-B9E0-C1DC0C8064CE}"
EndProject
Project("{FAE04EC0-301F-11D3-BF4B-00C04F79EFBC}") = "PatientVitalsRandomiseContractsLib", "PatientVitalsRandomiseContractsLib\PatientVitalsRandomiseContractsLib.csproj", "{76C9268E-153C-4242-AE7E-1946DE460DEE}"
EndProject
Project("{FAE04EC0-301F-11D3-BF4B-00C04F79EFBC}") = "PulseRateRandomiseLib", "PulseRateRandomiseLib\PulseRateRandomiseLib.csproj", "{076AE739-2B04-48E5-8482-39994251094E}"
EndProject
Project("{FAE04EC0-301F-11D3-BF4B-00C04F79EFBC}") = "TemperatureRandomiseLib", "TemperatureRandomiseLib\TemperatureRandomiseLib.csproj", "{AEA77A37-A241-4CDF-A83F-4160AEA66C5F}"
EndProject
Project("{FAE04EC0-301F-11D3-BF4B-00C04F79EFBC}") = "QueuePatientVitalsStorageLib", "QueuePatientVitalsStorageLib\QueuePatientVitalsStorageLib.csproj", "{42A659DF-5714-4DCA-9DBD-5B30466CF240}"
EndProject
Project("{FAE04EC0-301F-11D3-BF4B-00C04F79EFBC}") = "PatientVitalsDataModelsLib", "PatientVitalsDataModelsLib\PatientVitalsDataModelsLib.csproj", "{2718008B-2B00-49D6-B0DC-4DD66D1BC4CA}"
EndProject
Project("{FAE04EC0-301F-11D3-BF4B-00C04F79EFBC}") = "PatientVitalsValidatorContractsLib", "PatientVitalsValidatorContractsLib\PatientVitalsValidatorContractsLib.csproj", "{1A416594-8990-49FE-83DA-1CCC6C5EB166}"
EndProject
Project("{FAE04EC0-301F-11D3-BF4B-00C04F79EFBC}") = "PulseRateValidatorLib", "PulseRateValidatorLib\PulseRateValidatorLib.csproj", "{23EEC17C-6A2D-48A0-8B87-4CAEE3DB7B21}"
EndProject
Project("{FAE04EC0-301F-11D3-BF4B-00C04F79EFBC}") = "TemperatureValidatorLib", "TemperatureValidatorLib\TemperatureValidatorLib.csproj", "{74AF38E9-017D-4737-B301-7FACAA6F1A2A}"
EndProject
Project("{FAE04EC0-301F-11D3-BF4B-00C04F79EFBC}") = "ConstantsLib", "ConstantsLib\ConstantsLib.csproj", "{9B3E689B-D604-4B1E-9EE6-C136DC96BBBD}"
EndProject
Project("{FAE04EC0-301F-11D3-BF4B-00C04F79EFBC}") = "InstanceCreatorLib", "InstanceCreatorLib\InstanceCreatorLib.csproj", "{861FE79C-B286-4524-B588-579DB84FC038}"
EndProject
Project("{2150E333-8FDC-42A3-9474-1A3956D46DE8}") = "Contracts", "Contracts", "{50CAAE96-F18E-45B1-86F8-F200023E5B91}"
EndProject
Project("{2150E333-8FDC-42A3-9474-1A3956D46DE8}") = "Services", "Services", "{C807F884-14FC-440C-B25D-2C9383265EFF}"
EndProject
Project("{2150E333-8FDC-42A3-9474-1A3956D46DE8}") = "BusinessLogic", "BusinessLogic", "{04C0186A-11CD-464B-8F92-566834FC218A}"
EndProject
Project("{2150E333-8FDC-42A3-9474-1A3956D46DE8}") = "Factory", "Factory", "{44E92623-CF2A-4347-BCFD-31B20ACF63E9}"
EndProject
Project("{2150E333-8FDC-42A3-9474-1A3956D46DE8}") = "Storage", "Storage", "{71431B20-C2CD-446F-A5B5-1CCA04366275}"
EndProject
Project("{FAE04EC0-301F-11D3-BF4B-00C04F79EFBC}") = "VitalSignLib", "VitalSignLib\VitalSignLib.csproj", "{E106BEEB-5AC8-4B5E-BFB9-E163B426A766}"
EndProject
Project("{2150E333-8FDC-42A3-9474-1A3956D46DE8}") = "DataAccess", "DataAccess", "{93095C4E-6071-4725-A4EA-9A1A12993DCB}"
EndProject
Project("{FAE04EC0-301F-11D3-BF4B-00C04F79EFBC}") = "DataAccessContractsLib", "DataAccessContractsLib\DataAccessContractsLib.csproj", "{4C2533D5-712D-49BF-A1D1-93DAE83854D8}"
EndProject
Project("{FAE04EC0-301F-11D3-BF4B-00C04F79EFBC}") = "DataAccessLib", "DataAccessLib\DataAccessLib.csproj", "{5BC7D2DD-1D92-4162-85A6-EDE25A6A345F}"
EndProject
Project("{9A19103F-16F7-4668-BE54-9A1E7A4F7556}") = "BedConfigureService", "BedConfigureService\BedConfigureService.csproj", "{9470A497-3E55-403D-A723-8C71C6DF799D}"
EndProject
Project("{FAE04EC0-301F-11D3-BF4B-00C04F79EFBC}") = "BedConfigurationAccessLib", "BedConfigurationAccessLib\BedConfigurationAccessLib.csproj", "{C749C0D5-2214-4DCE-A400-B7B816C0AFF3}"
EndProject
Project("{FAE04EC0-301F-11D3-BF4B-00C04F79EFBC}") = "SqlConnectionLib", "SqlConnectionLib\SqlConnectionLib.csproj", "{744CAD18-5FF5-4EEC-AD26-5CE8DF2EC738}"
EndProject
Project("{FAE04EC0-301F-11D3-BF4B-00C04F79EFBC}") = "PatientRegistrationDeskLib", "PatientRegistrationDeskLib\PatientRegistrationDeskLib.csproj", "{6DDD19A2-C4FD-4A4B-A902-2459D18F8C18}"
EndProject
Project("{FAE04EC0-301F-11D3-BF4B-00C04F79EFBC}") = "BedAllotmentManagementLib", "BedAllotmentManagementLib\BedAllotmentManagementLib.csproj", "{03E7AADB-14BD-4DE2-AC41-77D61084D19D}"
EndProject
Project("{FAE04EC0-301F-11D3-BF4B-00C04F79EFBC}") = "PatientVitalsDataGeneratorContractsLib", "PatientVitalsDataGeneratorContractsLib\PatientVitalsDataGeneratorContractsLib.csproj", "{22D909A5-3F4D-4B25-8E9E-D01525009483}"
EndProject
Project("{FAE04EC0-301F-11D3-BF4B-00C04F79EFBC}") = "PatientVitalsDataGeneratorLib", "PatientVitalsDataGeneratorLib\PatientVitalsDataGeneratorLib.csproj", "{E205EFA6-80C7-4A70-B500-8A6A7A19A6BB}"
EndProject
Project("{FAE04EC0-301F-11D3-BF4B-00C04F79EFBC}") = "EnablePatientVitalsLib.Tests", "EnablePatientVitalsLib.Tests\EnablePatientVitalsLib.Tests.csproj", "{74C4F128-3FC4-4A7B-9AA2-63005FCF8C7D}"
EndProject
Project("{FAE04EC0-301F-11D3-BF4B-00C04F79EFBC}") = "PatientVitalsDataGeneratorLib.Tests", "PatientVitalsDataGeneratorLib.Tests\PatientVitalsDataGeneratorLib.Tests.csproj", "{0C9BE0E8-0C0A-4BD6-905E-5AB1F1F9AEB3}"
EndProject
Project("{FAE04EC0-301F-11D3-BF4B-00C04F79EFBC}") = "QueuePatientVitalsStorageLib.Tests", "QueuePatientVitalsStorageLib.Tests\QueuePatientVitalsStorageLib.Tests.csproj", "{4DB0EFCF-E057-4195-A042-6BCE84B6C560}"
EndProject
Project("{FAE04EC0-301F-11D3-BF4B-00C04F79EFBC}") = "PatientVitalsAlertUponValidationContractsLib", "PatientVitalsAlertUponValidationContractsLib\PatientVitalsAlertUponValidationContractsLib.csproj", "{12F22FD1-87ED-4458-98F2-B59E8E97DD71}"
EndProject
Project("{FAE04EC0-301F-11D3-BF4B-00C04F79EFBC}") = "RuleBasedPatientVitalsAlertUponValidationLib", "RuleBasedPatientVitalsAlertUponValidationLib\RuleBasedPatientVitalsAlertUponValidationLib.csproj", "{88FD3638-B531-4B01-A54F-03DD859A5459}"
EndProject
Project("{FAE04EC0-301F-11D3-BF4B-00C04F79EFBC}") = "SPO2ValidatorLib.Tests", "SPO2ValidatorLib.Tests\SPO2ValidatorLib.Tests.csproj", "{B0CE65C0-AD2D-4F94-A61C-668E71A6A4D7}"
EndProject
Project("{FAE04EC0-301F-11D3-BF4B-00C04F79EFBC}") = "TemperatueValidatorLib.Tests", "TemperatueValidatorLib.Tests\TemperatueValidatorLib.Tests.csproj", "{8F5F8844-DDCD-4DD4-97AF-F1046311B25C}"
EndProject
Project("{FAE04EC0-301F-11D3-BF4B-00C04F79EFBC}") = "PulseRateValidatorLib.Tests", "PulseRateValidatorLib.Tests\PulseRateValidatorLib.Tests.csproj", "{5A6D8AA6-8BBC-4AAB-A9CC-F4C7BA23E53C}"
EndProject
Project("{FAE04EC0-301F-11D3-BF4B-00C04F79EFBC}") = "DataAccessLib.Tests", "DataAccessLib.Tests\DataAccessLib.Tests.csproj", "{D9550B75-2EC7-42E2-90D8-13490775D99C}"
EndProject
Project("{FAE04EC0-301F-11D3-BF4B-00C04F79EFBC}") = "RuleBasedPatientVitalsAlertUponValidationLib.Tests", "RuleBasedPatientVitalsAlertUponValidationLib.Tests\RuleBasedPatientVitalsAlertUponValidationLib.Tests.csproj", "{1C6C864D-D79D-43F9-B0AF-DDC8F480F0F5}"
EndProject
Project("{2150E333-8FDC-42A3-9474-1A3956D46DE8}") = "Tests", "Tests", "{15AD869C-3838-4D44-A2C8-F320E4AB77ED}"
EndProject
Project("{FAE04EC0-301F-11D3-BF4B-00C04F79EFBC}") = "Spo2ValidatorLib", "Spo2ValidatorLib\Spo2ValidatorLib.csproj", "{557168E2-206B-4891-9865-4A77BE4B1963}"
EndProject
Project("{FAE04EC0-301F-11D3-BF4B-00C04F79EFBC}") = "Spo2RandomiseLib", "Spo2RandomiseLib\Spo2RandomiseLib.csproj", "{5D11AFBD-113F-437C-A997-4D4402BED853}"
EndProject
Project("{FAE04EC0-301F-11D3-BF4B-00C04F79EFBC}") = "PatientVitalsAlerterLib", "PatientVitalsAlerterLib\PatientVitalsAlerterLib.csproj", "{EE901055-88BD-4F18-B36E-906F29E93EA0}"
EndProject
Global
	GlobalSection(SolutionConfigurationPlatforms) = preSolution
		Debug|Any CPU = Debug|Any CPU
		Release|Any CPU = Release|Any CPU
	EndGlobalSection
	GlobalSection(ProjectConfigurationPlatforms) = postSolution
		{0B3C6D5E-9E1B-4313-9B28-4CA79E72453F}.Debug|Any CPU.ActiveCfg = Debug|Any CPU
		{0B3C6D5E-9E1B-4313-9B28-4CA79E72453F}.Debug|Any CPU.Build.0 = Debug|Any CPU
		{0B3C6D5E-9E1B-4313-9B28-4CA79E72453F}.Release|Any CPU.ActiveCfg = Release|Any CPU
		{0B3C6D5E-9E1B-4313-9B28-4CA79E72453F}.Release|Any CPU.Build.0 = Release|Any CPU
		{C2D9A3A9-820F-4484-B2CE-FA3C6026E4F7}.Debug|Any CPU.ActiveCfg = Debug|Any CPU
		{C2D9A3A9-820F-4484-B2CE-FA3C6026E4F7}.Debug|Any CPU.Build.0 = Debug|Any CPU
		{C2D9A3A9-820F-4484-B2CE-FA3C6026E4F7}.Release|Any CPU.ActiveCfg = Release|Any CPU
		{C2D9A3A9-820F-4484-B2CE-FA3C6026E4F7}.Release|Any CPU.Build.0 = Release|Any CPU
		{81DFFC92-130D-49D7-927B-FD1BE2B3458E}.Debug|Any CPU.ActiveCfg = Debug|Any CPU
		{81DFFC92-130D-49D7-927B-FD1BE2B3458E}.Debug|Any CPU.Build.0 = Debug|Any CPU
		{81DFFC92-130D-49D7-927B-FD1BE2B3458E}.Release|Any CPU.ActiveCfg = Release|Any CPU
		{81DFFC92-130D-49D7-927B-FD1BE2B3458E}.Release|Any CPU.Build.0 = Release|Any CPU
		{E1DB81A4-C883-4854-A48F-2DCE4F643D1C}.Debug|Any CPU.ActiveCfg = Debug|Any CPU
		{E1DB81A4-C883-4854-A48F-2DCE4F643D1C}.Debug|Any CPU.Build.0 = Debug|Any CPU
		{E1DB81A4-C883-4854-A48F-2DCE4F643D1C}.Release|Any CPU.ActiveCfg = Release|Any CPU
		{E1DB81A4-C883-4854-A48F-2DCE4F643D1C}.Release|Any CPU.Build.0 = Release|Any CPU
		{E9A8E700-7711-4C7F-9571-B9B7C834F16B}.Debug|Any CPU.ActiveCfg = Debug|Any CPU
		{E9A8E700-7711-4C7F-9571-B9B7C834F16B}.Debug|Any CPU.Build.0 = Debug|Any CPU
		{E9A8E700-7711-4C7F-9571-B9B7C834F16B}.Release|Any CPU.ActiveCfg = Release|Any CPU
		{E9A8E700-7711-4C7F-9571-B9B7C834F16B}.Release|Any CPU.Build.0 = Release|Any CPU
		{1AD2FE57-34A6-408B-B9E0-C1DC0C8064CE}.Debug|Any CPU.ActiveCfg = Debug|Any CPU
		{1AD2FE57-34A6-408B-B9E0-C1DC0C8064CE}.Debug|Any CPU.Build.0 = Debug|Any CPU
		{1AD2FE57-34A6-408B-B9E0-C1DC0C8064CE}.Release|Any CPU.ActiveCfg = Release|Any CPU
		{1AD2FE57-34A6-408B-B9E0-C1DC0C8064CE}.Release|Any CPU.Build.0 = Release|Any CPU
		{76C9268E-153C-4242-AE7E-1946DE460DEE}.Debug|Any CPU.ActiveCfg = Debug|Any CPU
		{76C9268E-153C-4242-AE7E-1946DE460DEE}.Debug|Any CPU.Build.0 = Debug|Any CPU
		{76C9268E-153C-4242-AE7E-1946DE460DEE}.Release|Any CPU.ActiveCfg = Release|Any CPU
		{76C9268E-153C-4242-AE7E-1946DE460DEE}.Release|Any CPU.Build.0 = Release|Any CPU
		{076AE739-2B04-48E5-8482-39994251094E}.Debug|Any CPU.ActiveCfg = Debug|Any CPU
		{076AE739-2B04-48E5-8482-39994251094E}.Debug|Any CPU.Build.0 = Debug|Any CPU
		{076AE739-2B04-48E5-8482-39994251094E}.Release|Any CPU.ActiveCfg = Release|Any CPU
		{076AE739-2B04-48E5-8482-39994251094E}.Release|Any CPU.Build.0 = Release|Any CPU
		{AEA77A37-A241-4CDF-A83F-4160AEA66C5F}.Debug|Any CPU.ActiveCfg = Debug|Any CPU
		{AEA77A37-A241-4CDF-A83F-4160AEA66C5F}.Debug|Any CPU.Build.0 = Debug|Any CPU
		{AEA77A37-A241-4CDF-A83F-4160AEA66C5F}.Release|Any CPU.ActiveCfg = Release|Any CPU
		{AEA77A37-A241-4CDF-A83F-4160AEA66C5F}.Release|Any CPU.Build.0 = Release|Any CPU
		{42A659DF-5714-4DCA-9DBD-5B30466CF240}.Debug|Any CPU.ActiveCfg = Debug|Any CPU
		{42A659DF-5714-4DCA-9DBD-5B30466CF240}.Debug|Any CPU.Build.0 = Debug|Any CPU
		{42A659DF-5714-4DCA-9DBD-5B30466CF240}.Release|Any CPU.ActiveCfg = Release|Any CPU
		{42A659DF-5714-4DCA-9DBD-5B30466CF240}.Release|Any CPU.Build.0 = Release|Any CPU
		{2718008B-2B00-49D6-B0DC-4DD66D1BC4CA}.Debug|Any CPU.ActiveCfg = Debug|Any CPU
		{2718008B-2B00-49D6-B0DC-4DD66D1BC4CA}.Debug|Any CPU.Build.0 = Debug|Any CPU
		{2718008B-2B00-49D6-B0DC-4DD66D1BC4CA}.Release|Any CPU.ActiveCfg = Release|Any CPU
		{2718008B-2B00-49D6-B0DC-4DD66D1BC4CA}.Release|Any CPU.Build.0 = Release|Any CPU
		{1A416594-8990-49FE-83DA-1CCC6C5EB166}.Debug|Any CPU.ActiveCfg = Debug|Any CPU
		{1A416594-8990-49FE-83DA-1CCC6C5EB166}.Debug|Any CPU.Build.0 = Debug|Any CPU
		{1A416594-8990-49FE-83DA-1CCC6C5EB166}.Release|Any CPU.ActiveCfg = Release|Any CPU
		{1A416594-8990-49FE-83DA-1CCC6C5EB166}.Release|Any CPU.Build.0 = Release|Any CPU
		{23EEC17C-6A2D-48A0-8B87-4CAEE3DB7B21}.Debug|Any CPU.ActiveCfg = Debug|Any CPU
		{23EEC17C-6A2D-48A0-8B87-4CAEE3DB7B21}.Debug|Any CPU.Build.0 = Debug|Any CPU
		{23EEC17C-6A2D-48A0-8B87-4CAEE3DB7B21}.Release|Any CPU.ActiveCfg = Release|Any CPU
		{23EEC17C-6A2D-48A0-8B87-4CAEE3DB7B21}.Release|Any CPU.Build.0 = Release|Any CPU
		{74AF38E9-017D-4737-B301-7FACAA6F1A2A}.Debug|Any CPU.ActiveCfg = Debug|Any CPU
		{74AF38E9-017D-4737-B301-7FACAA6F1A2A}.Debug|Any CPU.Build.0 = Debug|Any CPU
		{74AF38E9-017D-4737-B301-7FACAA6F1A2A}.Release|Any CPU.ActiveCfg = Release|Any CPU
		{74AF38E9-017D-4737-B301-7FACAA6F1A2A}.Release|Any CPU.Build.0 = Release|Any CPU
		{9B3E689B-D604-4B1E-9EE6-C136DC96BBBD}.Debug|Any CPU.ActiveCfg = Debug|Any CPU
		{9B3E689B-D604-4B1E-9EE6-C136DC96BBBD}.Debug|Any CPU.Build.0 = Debug|Any CPU
		{9B3E689B-D604-4B1E-9EE6-C136DC96BBBD}.Release|Any CPU.ActiveCfg = Release|Any CPU
		{9B3E689B-D604-4B1E-9EE6-C136DC96BBBD}.Release|Any CPU.Build.0 = Release|Any CPU
		{861FE79C-B286-4524-B588-579DB84FC038}.Debug|Any CPU.ActiveCfg = Debug|Any CPU
		{861FE79C-B286-4524-B588-579DB84FC038}.Debug|Any CPU.Build.0 = Debug|Any CPU
		{861FE79C-B286-4524-B588-579DB84FC038}.Release|Any CPU.ActiveCfg = Release|Any CPU
		{861FE79C-B286-4524-B588-579DB84FC038}.Release|Any CPU.Build.0 = Release|Any CPU
		{E106BEEB-5AC8-4B5E-BFB9-E163B426A766}.Debug|Any CPU.ActiveCfg = Debug|Any CPU
		{E106BEEB-5AC8-4B5E-BFB9-E163B426A766}.Debug|Any CPU.Build.0 = Debug|Any CPU
		{E106BEEB-5AC8-4B5E-BFB9-E163B426A766}.Release|Any CPU.ActiveCfg = Release|Any CPU
		{E106BEEB-5AC8-4B5E-BFB9-E163B426A766}.Release|Any CPU.Build.0 = Release|Any CPU
		{4C2533D5-712D-49BF-A1D1-93DAE83854D8}.Debug|Any CPU.ActiveCfg = Debug|Any CPU
		{4C2533D5-712D-49BF-A1D1-93DAE83854D8}.Debug|Any CPU.Build.0 = Debug|Any CPU
		{4C2533D5-712D-49BF-A1D1-93DAE83854D8}.Release|Any CPU.ActiveCfg = Release|Any CPU
		{4C2533D5-712D-49BF-A1D1-93DAE83854D8}.Release|Any CPU.Build.0 = Release|Any CPU
		{5BC7D2DD-1D92-4162-85A6-EDE25A6A345F}.Debug|Any CPU.ActiveCfg = Debug|Any CPU
		{5BC7D2DD-1D92-4162-85A6-EDE25A6A345F}.Debug|Any CPU.Build.0 = Debug|Any CPU
		{5BC7D2DD-1D92-4162-85A6-EDE25A6A345F}.Release|Any CPU.ActiveCfg = Release|Any CPU
		{5BC7D2DD-1D92-4162-85A6-EDE25A6A345F}.Release|Any CPU.Build.0 = Release|Any CPU
		{9470A497-3E55-403D-A723-8C71C6DF799D}.Debug|Any CPU.ActiveCfg = Debug|Any CPU
		{9470A497-3E55-403D-A723-8C71C6DF799D}.Debug|Any CPU.Build.0 = Debug|Any CPU
		{9470A497-3E55-403D-A723-8C71C6DF799D}.Release|Any CPU.ActiveCfg = Release|Any CPU
		{9470A497-3E55-403D-A723-8C71C6DF799D}.Release|Any CPU.Build.0 = Release|Any CPU
		{C749C0D5-2214-4DCE-A400-B7B816C0AFF3}.Debug|Any CPU.ActiveCfg = Debug|Any CPU
		{C749C0D5-2214-4DCE-A400-B7B816C0AFF3}.Debug|Any CPU.Build.0 = Debug|Any CPU
		{C749C0D5-2214-4DCE-A400-B7B816C0AFF3}.Release|Any CPU.ActiveCfg = Release|Any CPU
		{C749C0D5-2214-4DCE-A400-B7B816C0AFF3}.Release|Any CPU.Build.0 = Release|Any CPU
		{744CAD18-5FF5-4EEC-AD26-5CE8DF2EC738}.Debug|Any CPU.ActiveCfg = Debug|Any CPU
		{744CAD18-5FF5-4EEC-AD26-5CE8DF2EC738}.Debug|Any CPU.Build.0 = Debug|Any CPU
		{744CAD18-5FF5-4EEC-AD26-5CE8DF2EC738}.Release|Any CPU.ActiveCfg = Release|Any CPU
		{744CAD18-5FF5-4EEC-AD26-5CE8DF2EC738}.Release|Any CPU.Build.0 = Release|Any CPU
		{6DDD19A2-C4FD-4A4B-A902-2459D18F8C18}.Debug|Any CPU.ActiveCfg = Debug|Any CPU
		{6DDD19A2-C4FD-4A4B-A902-2459D18F8C18}.Debug|Any CPU.Build.0 = Debug|Any CPU
		{6DDD19A2-C4FD-4A4B-A902-2459D18F8C18}.Release|Any CPU.ActiveCfg = Release|Any CPU
		{6DDD19A2-C4FD-4A4B-A902-2459D18F8C18}.Release|Any CPU.Build.0 = Release|Any CPU
		{03E7AADB-14BD-4DE2-AC41-77D61084D19D}.Debug|Any CPU.ActiveCfg = Debug|Any CPU
		{03E7AADB-14BD-4DE2-AC41-77D61084D19D}.Debug|Any CPU.Build.0 = Debug|Any CPU
		{03E7AADB-14BD-4DE2-AC41-77D61084D19D}.Release|Any CPU.ActiveCfg = Release|Any CPU
		{03E7AADB-14BD-4DE2-AC41-77D61084D19D}.Release|Any CPU.Build.0 = Release|Any CPU
		{22D909A5-3F4D-4B25-8E9E-D01525009483}.Debug|Any CPU.ActiveCfg = Debug|Any CPU
		{22D909A5-3F4D-4B25-8E9E-D01525009483}.Debug|Any CPU.Build.0 = Debug|Any CPU
		{22D909A5-3F4D-4B25-8E9E-D01525009483}.Release|Any CPU.ActiveCfg = Release|Any CPU
		{22D909A5-3F4D-4B25-8E9E-D01525009483}.Release|Any CPU.Build.0 = Release|Any CPU
		{E205EFA6-80C7-4A70-B500-8A6A7A19A6BB}.Debug|Any CPU.ActiveCfg = Debug|Any CPU
		{E205EFA6-80C7-4A70-B500-8A6A7A19A6BB}.Debug|Any CPU.Build.0 = Debug|Any CPU
		{E205EFA6-80C7-4A70-B500-8A6A7A19A6BB}.Release|Any CPU.ActiveCfg = Release|Any CPU
		{E205EFA6-80C7-4A70-B500-8A6A7A19A6BB}.Release|Any CPU.Build.0 = Release|Any CPU
		{74C4F128-3FC4-4A7B-9AA2-63005FCF8C7D}.Debug|Any CPU.ActiveCfg = Debug|Any CPU
		{74C4F128-3FC4-4A7B-9AA2-63005FCF8C7D}.Debug|Any CPU.Build.0 = Debug|Any CPU
		{74C4F128-3FC4-4A7B-9AA2-63005FCF8C7D}.Release|Any CPU.ActiveCfg = Release|Any CPU
		{74C4F128-3FC4-4A7B-9AA2-63005FCF8C7D}.Release|Any CPU.Build.0 = Release|Any CPU
		{0C9BE0E8-0C0A-4BD6-905E-5AB1F1F9AEB3}.Debug|Any CPU.ActiveCfg = Debug|Any CPU
		{0C9BE0E8-0C0A-4BD6-905E-5AB1F1F9AEB3}.Debug|Any CPU.Build.0 = Debug|Any CPU
		{0C9BE0E8-0C0A-4BD6-905E-5AB1F1F9AEB3}.Release|Any CPU.ActiveCfg = Release|Any CPU
		{0C9BE0E8-0C0A-4BD6-905E-5AB1F1F9AEB3}.Release|Any CPU.Build.0 = Release|Any CPU
		{4DB0EFCF-E057-4195-A042-6BCE84B6C560}.Debug|Any CPU.ActiveCfg = Debug|Any CPU
		{4DB0EFCF-E057-4195-A042-6BCE84B6C560}.Debug|Any CPU.Build.0 = Debug|Any CPU
		{4DB0EFCF-E057-4195-A042-6BCE84B6C560}.Release|Any CPU.ActiveCfg = Release|Any CPU
		{4DB0EFCF-E057-4195-A042-6BCE84B6C560}.Release|Any CPU.Build.0 = Release|Any CPU
		{12F22FD1-87ED-4458-98F2-B59E8E97DD71}.Debug|Any CPU.ActiveCfg = Debug|Any CPU
		{12F22FD1-87ED-4458-98F2-B59E8E97DD71}.Debug|Any CPU.Build.0 = Debug|Any CPU
		{12F22FD1-87ED-4458-98F2-B59E8E97DD71}.Release|Any CPU.ActiveCfg = Release|Any CPU
		{12F22FD1-87ED-4458-98F2-B59E8E97DD71}.Release|Any CPU.Build.0 = Release|Any CPU
		{88FD3638-B531-4B01-A54F-03DD859A5459}.Debug|Any CPU.ActiveCfg = Debug|Any CPU
		{88FD3638-B531-4B01-A54F-03DD859A5459}.Debug|Any CPU.Build.0 = Debug|Any CPU
		{88FD3638-B531-4B01-A54F-03DD859A5459}.Release|Any CPU.ActiveCfg = Release|Any CPU
		{88FD3638-B531-4B01-A54F-03DD859A5459}.Release|Any CPU.Build.0 = Release|Any CPU
		{B0CE65C0-AD2D-4F94-A61C-668E71A6A4D7}.Debug|Any CPU.ActiveCfg = Debug|Any CPU
		{B0CE65C0-AD2D-4F94-A61C-668E71A6A4D7}.Debug|Any CPU.Build.0 = Debug|Any CPU
		{B0CE65C0-AD2D-4F94-A61C-668E71A6A4D7}.Release|Any CPU.ActiveCfg = Release|Any CPU
		{B0CE65C0-AD2D-4F94-A61C-668E71A6A4D7}.Release|Any CPU.Build.0 = Release|Any CPU
		{8F5F8844-DDCD-4DD4-97AF-F1046311B25C}.Debug|Any CPU.ActiveCfg = Debug|Any CPU
		{8F5F8844-DDCD-4DD4-97AF-F1046311B25C}.Debug|Any CPU.Build.0 = Debug|Any CPU
		{8F5F8844-DDCD-4DD4-97AF-F1046311B25C}.Release|Any CPU.ActiveCfg = Release|Any CPU
		{8F5F8844-DDCD-4DD4-97AF-F1046311B25C}.Release|Any CPU.Build.0 = Release|Any CPU
		{5A6D8AA6-8BBC-4AAB-A9CC-F4C7BA23E53C}.Debug|Any CPU.ActiveCfg = Debug|Any CPU
		{5A6D8AA6-8BBC-4AAB-A9CC-F4C7BA23E53C}.Debug|Any CPU.Build.0 = Debug|Any CPU
		{5A6D8AA6-8BBC-4AAB-A9CC-F4C7BA23E53C}.Release|Any CPU.ActiveCfg = Release|Any CPU
		{5A6D8AA6-8BBC-4AAB-A9CC-F4C7BA23E53C}.Release|Any CPU.Build.0 = Release|Any CPU
		{D9550B75-2EC7-42E2-90D8-13490775D99C}.Debug|Any CPU.ActiveCfg = Debug|Any CPU
		{D9550B75-2EC7-42E2-90D8-13490775D99C}.Debug|Any CPU.Build.0 = Debug|Any CPU
		{D9550B75-2EC7-42E2-90D8-13490775D99C}.Release|Any CPU.ActiveCfg = Release|Any CPU
		{D9550B75-2EC7-42E2-90D8-13490775D99C}.Release|Any CPU.Build.0 = Release|Any CPU
		{1C6C864D-D79D-43F9-B0AF-DDC8F480F0F5}.Debug|Any CPU.ActiveCfg = Debug|Any CPU
		{1C6C864D-D79D-43F9-B0AF-DDC8F480F0F5}.Debug|Any CPU.Build.0 = Debug|Any CPU
		{1C6C864D-D79D-43F9-B0AF-DDC8F480F0F5}.Release|Any CPU.ActiveCfg = Release|Any CPU
		{1C6C864D-D79D-43F9-B0AF-DDC8F480F0F5}.Release|Any CPU.Build.0 = Release|Any CPU
		{557168E2-206B-4891-9865-4A77BE4B1963}.Debug|Any CPU.ActiveCfg = Debug|Any CPU
		{557168E2-206B-4891-9865-4A77BE4B1963}.Debug|Any CPU.Build.0 = Debug|Any CPU
		{557168E2-206B-4891-9865-4A77BE4B1963}.Release|Any CPU.ActiveCfg = Release|Any CPU
		{557168E2-206B-4891-9865-4A77BE4B1963}.Release|Any CPU.Build.0 = Release|Any CPU
		{5D11AFBD-113F-437C-A997-4D4402BED853}.Debug|Any CPU.ActiveCfg = Debug|Any CPU
		{5D11AFBD-113F-437C-A997-4D4402BED853}.Debug|Any CPU.Build.0 = Debug|Any CPU
		{5D11AFBD-113F-437C-A997-4D4402BED853}.Release|Any CPU.ActiveCfg = Release|Any CPU
		{5D11AFBD-113F-437C-A997-4D4402BED853}.Release|Any CPU.Build.0 = Release|Any CPU
		{EE901055-88BD-4F18-B36E-906F29E93EA0}.Debug|Any CPU.ActiveCfg = Debug|Any CPU
		{EE901055-88BD-4F18-B36E-906F29E93EA0}.Debug|Any CPU.Build.0 = Debug|Any CPU
		{EE901055-88BD-4F18-B36E-906F29E93EA0}.Release|Any CPU.ActiveCfg = Release|Any CPU
		{EE901055-88BD-4F18-B36E-906F29E93EA0}.Release|Any CPU.Build.0 = Release|Any CPU
	EndGlobalSection
	GlobalSection(SolutionProperties) = preSolution
		HideSolutionNode = FALSE
	EndGlobalSection
	GlobalSection(NestedProjects) = preSolution
		{0B3C6D5E-9E1B-4313-9B28-4CA79E72453F} = {04C0186A-11CD-464B-8F92-566834FC218A}
		{C2D9A3A9-820F-4484-B2CE-FA3C6026E4F7} = {50CAAE96-F18E-45B1-86F8-F200023E5B91}
		{81DFFC92-130D-49D7-927B-FD1BE2B3458E} = {04C0186A-11CD-464B-8F92-566834FC218A}
		{E1DB81A4-C883-4854-A48F-2DCE4F643D1C} = {71431B20-C2CD-446F-A5B5-1CCA04366275}
		{E9A8E700-7711-4C7F-9571-B9B7C834F16B} = {C807F884-14FC-440C-B25D-2C9383265EFF}
		{1AD2FE57-34A6-408B-B9E0-C1DC0C8064CE} = {50CAAE96-F18E-45B1-86F8-F200023E5B91}
		{76C9268E-153C-4242-AE7E-1946DE460DEE} = {50CAAE96-F18E-45B1-86F8-F200023E5B91}
		{076AE739-2B04-48E5-8482-39994251094E} = {04C0186A-11CD-464B-8F92-566834FC218A}
		{AEA77A37-A241-4CDF-A83F-4160AEA66C5F} = {04C0186A-11CD-464B-8F92-566834FC218A}
		{42A659DF-5714-4DCA-9DBD-5B30466CF240} = {04C0186A-11CD-464B-8F92-566834FC218A}
		{2718008B-2B00-49D6-B0DC-4DD66D1BC4CA} = {04C0186A-11CD-464B-8F92-566834FC218A}
		{1A416594-8990-49FE-83DA-1CCC6C5EB166} = {50CAAE96-F18E-45B1-86F8-F200023E5B91}
		{23EEC17C-6A2D-48A0-8B87-4CAEE3DB7B21} = {04C0186A-11CD-464B-8F92-566834FC218A}
		{74AF38E9-017D-4737-B301-7FACAA6F1A2A} = {04C0186A-11CD-464B-8F92-566834FC218A}
		{9B3E689B-D604-4B1E-9EE6-C136DC96BBBD} = {04C0186A-11CD-464B-8F92-566834FC218A}
		{861FE79C-B286-4524-B588-579DB84FC038} = {44E92623-CF2A-4347-BCFD-31B20ACF63E9}
		{E106BEEB-5AC8-4B5E-BFB9-E163B426A766} = {04C0186A-11CD-464B-8F92-566834FC218A}
		{4C2533D5-712D-49BF-A1D1-93DAE83854D8} = {50CAAE96-F18E-45B1-86F8-F200023E5B91}
		{5BC7D2DD-1D92-4162-85A6-EDE25A6A345F} = {93095C4E-6071-4725-A4EA-9A1A12993DCB}
		{9470A497-3E55-403D-A723-8C71C6DF799D} = {C807F884-14FC-440C-B25D-2C9383265EFF}
		{C749C0D5-2214-4DCE-A400-B7B816C0AFF3} = {04C0186A-11CD-464B-8F92-566834FC218A}
		{6DDD19A2-C4FD-4A4B-A902-2459D18F8C18} = {04C0186A-11CD-464B-8F92-566834FC218A}
		{03E7AADB-14BD-4DE2-AC41-77D61084D19D} = {04C0186A-11CD-464B-8F92-566834FC218A}
		{22D909A5-3F4D-4B25-8E9E-D01525009483} = {50CAAE96-F18E-45B1-86F8-F200023E5B91}
		{E205EFA6-80C7-4A70-B500-8A6A7A19A6BB} = {04C0186A-11CD-464B-8F92-566834FC218A}
		{74C4F128-3FC4-4A7B-9AA2-63005FCF8C7D} = {15AD869C-3838-4D44-A2C8-F320E4AB77ED}
		{0C9BE0E8-0C0A-4BD6-905E-5AB1F1F9AEB3} = {15AD869C-3838-4D44-A2C8-F320E4AB77ED}
		{4DB0EFCF-E057-4195-A042-6BCE84B6C560} = {15AD869C-3838-4D44-A2C8-F320E4AB77ED}
		{12F22FD1-87ED-4458-98F2-B59E8E97DD71} = {50CAAE96-F18E-45B1-86F8-F200023E5B91}
		{88FD3638-B531-4B01-A54F-03DD859A5459} = {04C0186A-11CD-464B-8F92-566834FC218A}
		{B0CE65C0-AD2D-4F94-A61C-668E71A6A4D7} = {15AD869C-3838-4D44-A2C8-F320E4AB77ED}
		{8F5F8844-DDCD-4DD4-97AF-F1046311B25C} = {15AD869C-3838-4D44-A2C8-F320E4AB77ED}
		{5A6D8AA6-8BBC-4AAB-A9CC-F4C7BA23E53C} = {15AD869C-3838-4D44-A2C8-F320E4AB77ED}
		{D9550B75-2EC7-42E2-90D8-13490775D99C} = {15AD869C-3838-4D44-A2C8-F320E4AB77ED}
		{1C6C864D-D79D-43F9-B0AF-DDC8F480F0F5} = {15AD869C-3838-4D44-A2C8-F320E4AB77ED}
		{557168E2-206B-4891-9865-4A77BE4B1963} = {04C0186A-11CD-464B-8F92-566834FC218A}
		{5D11AFBD-113F-437C-A997-4D4402BED853} = {04C0186A-11CD-464B-8F92-566834FC218A}
		{EE901055-88BD-4F18-B36E-906F29E93EA0} = {04C0186A-11CD-464B-8F92-566834FC218A}
	EndGlobalSection
	GlobalSection(ExtensibilityGlobals) = postSolution
		SolutionGuid = {5B44C3F4-5AAF-4E7B-94BE-AC9A88311D45}
	EndGlobalSection
EndGlobal
